
Microsoft Visual Studio Solution File, Format Version 12.00
# Visual Studio 14
VisualStudioVersion = 14.0.25123.0
MinimumVisualStudioVersion = 10.0.40219.1
Project("{FAE04EC0-301F-11D3-BF4B-00C04F79EFBC}") = "photowatcher", "photowatcher\photowatcher.csproj", "{0832B44E-D390-4E6B-92C8-F0F2898EDF83}"
EndProject
Global
	GlobalSection(SolutionConfigurationPlatforms) = preSolution
		Debug|Any CPU = Debug|Any CPU
		Release|Any CPU = Release|Any CPU
	EndGlobalSection
	GlobalSection(ProjectConfigurationPlatforms) = postSolution
		{0832B44E-D390-4E6B-92C8-F0F2898EDF83}.Debug|Any CPU.ActiveCfg = Debug|Any CPU
		{0832B44E-D390-4E6B-92C8-F0F2898EDF83}.Debug|Any CPU.Build.0 = Debug|Any CPU
		{0832B44E-D390-4E6B-92C8-F0F2898EDF83}.Release|Any CPU.ActiveCfg = Release|Any CPU
		{0832B44E-D390-4E6B-92C8-F0F2898EDF83}.Release|Any CPU.Build.0 = Release|Any CPU
	EndGlobalSection
	GlobalSection(SolutionProperties) = preSolution
		HideSolutionNode = FALSE
	EndGlobalSection
EndGlobal
